
Microsoft Visual Studio Solution File, Format Version 12.00
# Visual Studio Version 16
VisualStudioVersion = 16.0.32630.194
MinimumVisualStudioVersion = 10.0.40219.1
Project("{FAE04EC0-301F-11D3-BF4B-00C04F79EFBC}") = "ContentManagementSystem", "ContentManagementSystem\ContentManagementSystem.csproj", "{614CEA31-E1D4-4851-B494-42C92A892E7C}"
EndProject
Global
	GlobalSection(SolutionConfigurationPlatforms) = preSolution
		Debug|Any CPU = Debug|Any CPU
		Release|Any CPU = Release|Any CPU
	EndGlobalSection
	GlobalSection(ProjectConfigurationPlatforms) = postSolution
		{614CEA31-E1D4-4851-B494-42C92A892E7C}.Debug|Any CPU.ActiveCfg = Debug|Any CPU
		{614CEA31-E1D4-4851-B494-42C92A892E7C}.Debug|Any CPU.Build.0 = Debug|Any CPU
		{614CEA31-E1D4-4851-B494-42C92A892E7C}.Release|Any CPU.ActiveCfg = Release|Any CPU
		{614CEA31-E1D4-4851-B494-42C92A892E7C}.Release|Any CPU.Build.0 = Release|Any CPU
	EndGlobalSection
	GlobalSection(SolutionProperties) = preSolution
		HideSolutionNode = FALSE
	EndGlobalSection
	GlobalSection(ExtensibilityGlobals) = postSolution
		SolutionGuid = {82A57D9C-F662-4B1B-A43F-1573FAB3A05E}
	EndGlobalSection
EndGlobal
